
Microsoft Visual Studio Solution File, Format Version 12.00
# Visual Studio Version 17
VisualStudioVersion = 17.11.35327.3
MinimumVisualStudioVersion = 10.0.40219.1
Project("{8BC9CEB8-8B4A-11D0-8D11-00A0C91BC942}") = "arena_alloc", "arena_alloc.vcxproj", "{0EA6FCB5-CD0B-4677-B1F3-570308FE394C}"
EndProject
Global
	GlobalSection(SolutionConfigurationPlatforms) = preSolution
		Debug|x64 = Debug|x64
		Debug|x86 = Debug|x86
		Release|x64 = Release|x64
		Release|x86 = Release|x86
	EndGlobalSection
	GlobalSection(ProjectConfigurationPlatforms) = postSolution
		{0EA6FCB5-CD0B-4677-B1F3-570308FE394C}.Debug|x64.ActiveCfg = Debug|x64
		{0EA6FCB5-CD0B-4677-B1F3-570308FE394C}.Debug|x64.Build.0 = Debug|x64
		{0EA6FCB5-CD0B-4677-B1F3-570308FE394C}.Debug|x86.ActiveCfg = Debug|Win32
		{0EA6FCB5-CD0B-4677-B1F3-570308FE394C}.Debug|x86.Build.0 = Debug|Win32
		{0EA6FCB5-CD0B-4677-B1F3-570308FE394C}.Release|x64.ActiveCfg = Release|x64
		{0EA6FCB5-CD0B-4677-B1F3-570308FE394C}.Release|x64.Build.0 = Release|x64
		{0EA6FCB5-CD0B-4677-B1F3-570308FE394C}.Release|x86.ActiveCfg = Release|Win32
		{0EA6FCB5-CD0B-4677-B1F3-570308FE394C}.Release|x86.Build.0 = Release|Win32
	EndGlobalSection
	GlobalSection(SolutionProperties) = preSolution
		HideSolutionNode = FALSE
	EndGlobalSection
	GlobalSection(ExtensibilityGlobals) = postSolution
		SolutionGuid = {9F4859E9-F0BD-451F-91CA-F76BDCA72CA4}
	EndGlobalSection
EndGlobal
